<?xml version="1.0" encoding="utf-8"?>
<Project ToolsVersion="4.0" xmlns="http://schemas.microsoft.com/developer/msbuild/2003">
  <ItemGroup>
    <ClCompile Include="AnimationSystem.cpp">
      <Filter>Source files</Filter>
    </ClCompile>
    <ClCompile Include="Button.cpp">
      <Filter>Source files</Filter>
    </ClCompile>
    <ClCompile Include="CollisionSystem.cpp">
      <Filter>Source files</Filter>
    </ClCompile>
    <ClCompile Include="GuiMenu.cpp">
      <Filter>Source files</Filter>
    </ClCompile>
    <ClCompile Include="GuiPause.cpp">
      <Filter>Source files</Filter>
    </ClCompile>
    <ClCompile Include="main.cpp">
      <Filter>Source files</Filter>
    </ClCompile>
    <ClCompile Include="ParticleSystem.cpp">
      <Filter>Source files</Filter>
    </ClCompile>
    <ClCompile Include="RenderSystem.cpp">
      <Filter>Source files</Filter>
    </ClCompile>
    <ClCompile Include="ResourceManager.cpp">
      <Filter>Source files</Filter>
    </ClCompile>
    <ClCompile Include="RFC.cpp">
      <Filter>Source files</Filter>
    </ClCompile>
    <ClCompile Include="TransformSystem.cpp">
      <Filter>Source files</Filter>
    </ClCompile>
    <ClCompile Include="World.cpp">
      <Filter>Source files</Filter>
    </ClCompile>
  </ItemGroup>
  <ItemGroup>
    <ClInclude Include="World.h">
      <Filter>Header files</Filter>
    </ClInclude>
    <ClInclude Include="TransformSystem.h">
      <Filter>Header files</Filter>
    </ClInclude>
    <ClInclude Include="TransformComponent.hpp">
      <Filter>Header files</Filter>
    </ClInclude>
    <ClInclude Include="Systems.h">
      <Filter>Header files</Filter>
    </ClInclude>
    <ClInclude Include="RFC.h">
      <Filter>Header files</Filter>
    </ClInclude>
    <ClInclude Include="ResourceManager.h">
      <Filter>Header files</Filter>
    </ClInclude>
    <ClInclude Include="RenderSystem.h">
      <Filter>Header files</Filter>
    </ClInclude>
    <ClInclude Include="RenderComponent.hpp">
      <Filter>Header files</Filter>
    </ClInclude>
    <ClInclude Include="ParticleSystem.h">
      <Filter>Header files</Filter>
    </ClInclude>
    <ClInclude Include="ParticleComponent.hpp">
      <Filter>Header files</Filter>
    </ClInclude>
    <ClInclude Include="MovementComponent.hpp">
      <Filter>Header files</Filter>
    </ClInclude>
    <ClInclude Include="ISystem.h">
      <Filter>Header files</Filter>
    </ClInclude>
    <ClInclude Include="GuiPause.h">
      <Filter>Header files</Filter>
    </ClInclude>
    <ClInclude Include="IRFC.h">
      <Filter>Header files</Filter>
    </ClInclude>
    <ClInclude Include="GuiMenu.h">
      <Filter>Header files</Filter>
    </ClInclude>
    <ClInclude Include="EmitterComponent.hpp">
      <Filter>Header files</Filter>
    </ClInclude>
    <ClInclude Include="CollisionSystem.h">
      <Filter>Header files</Filter>
    </ClInclude>
    <ClInclude Include="Components.h">
      <Filter>Header files</Filter>
    </ClInclude>
    <ClInclude Include="CollisionComponent.hpp">
      <Filter>Header files</Filter>
    </ClInclude>
    <ClInclude Include="Button.h">
      <Filter>Header files</Filter>
    </ClInclude>
    <ClInclude Include="BasicType.h">
      <Filter>Header files</Filter>
    </ClInclude>
    <ClInclude Include="AnimationSystem.h">
      <Filter>Header files</Filter>
    </ClInclude>
    <ClInclude Include="AnimationComponent.hpp">
      <Filter>Header files</Filter>
    </ClInclude>
  </ItemGroup>
  <ItemGroup>
    <Filter Include="Header files">
      <UniqueIdentifier>{5fb8d8b4-6f48-434a-86bb-b52476e64105}</UniqueIdentifier>
    </Filter>
    <Filter Include="Source files">
      <UniqueIdentifier>{7fe78a50-2f70-4779-8090-4c9347f4fb6a}</UniqueIdentifier>
    </Filter>
  </ItemGroup>
</Project>